GEM
  remote: https://rubygems.org/
  specs:
    bigdecimal (4.0.1)
    google-protobuf (4.33.5)
      bigdecimal
      rake (>= 13)
    google-protobuf (4.33.5-aarch64-linux-gnu)
      bigdecimal
      rake (>= 13)
    google-protobuf (4.33.5-aarch64-linux-musl)
      bigdecimal
      rake (>= 13)
    google-protobuf (4.33.5-arm64-darwin)
      bigdecimal
      rake (>= 13)
    google-protobuf (4.33.5-x86-linux-gnu)
      bigdecimal
      rake (>= 13)
    google-protobuf (4.33.5-x86-linux-musl)
      bigdecimal
      rake (>= 13)
    google-protobuf (4.33.5-x86_64-darwin)
      bigdecimal
      rake (>= 13)
    google-protobuf (4.33.5-x86_64-linux-gnu)
      bigdecimal
      rake (>= 13)
    google-protobuf (4.33.5-x86_64-linux-musl)
      bigdecimal
      rake (>= 13)
    googleapis-common-protos-types (1.22.0)
      google-protobuf (~> 4.26)
    opentelemetry-api (1.5.0)
    opentelemetry-common (0.23.0)
      opentelemetry-api (~> 1.0)
    opentelemetry-exporter-otlp (0.30.0)
      google-protobuf (>= 3.18)
      googleapis-common-protos-types (~> 1.3)
      opentelemetry-api (~> 1.1)
      opentelemetry-common (~> 0.20)
      opentelemetry-sdk (~> 1.2)
      opentelemetry-semantic_conventions
    opentelemetry-helpers-mysql (0.2.0)
      opentelemetry-api (~> 1.0)
      opentelemetry-common (~> 0.21)
    opentelemetry-helpers-sql (0.1.1)
      opentelemetry-api (~> 1.0)
    opentelemetry-helpers-sql-obfuscation (0.3.0)
      opentelemetry-common (~> 0.21)
    opentelemetry-instrumentation-action_mailer (0.4.0)
      opentelemetry-api (~> 1.0)
      opentelemetry-instrumentation-active_support (~> 0.7)
      opentelemetry-instrumentation-base (~> 0.23.0)
    opentelemetry-instrumentation-action_pack (0.12.3)
      opentelemetry-api (~> 1.0)
      opentelemetry-instrumentation-base (~> 0.23.0)
      opentelemetry-instrumentation-rack (~> 0.21)
    opentelemetry-instrumentation-action_view (0.9.0)
      opentelemetry-api (~> 1.0)
      opentelemetry-instrumentation-active_support (~> 0.7)
      opentelemetry-instrumentation-base (~> 0.23.0)
    opentelemetry-instrumentation-active_job (0.8.0)
      opentelemetry-api (~> 1.0)
      opentelemetry-instrumentation-base (~> 0.23.0)
    opentelemetry-instrumentation-active_model_serializers (0.22.0)
      opentelemetry-api (~> 1.0)
      opentelemetry-instrumentation-active_support (>= 0.7.0)
      opentelemetry-instrumentation-base (~> 0.23.0)
    opentelemetry-instrumentation-active_record (0.9.0)
      opentelemetry-api (~> 1.0)
      opentelemetry-instrumentation-base (~> 0.23.0)
    opentelemetry-instrumentation-active_storage (0.1.1)
      opentelemetry-api (~> 1.0)
      opentelemetry-instrumentation-active_support (~> 0.7)
      opentelemetry-instrumentation-base (~> 0.23.0)
    opentelemetry-instrumentation-active_support (0.8.0)
      opentelemetry-api (~> 1.0)
      opentelemetry-instrumentation-base (~> 0.23.0)
    opentelemetry-instrumentation-all (0.77.0)
      opentelemetry-instrumentation-active_model_serializers (~> 0.22.0)
      opentelemetry-instrumentation-aws_lambda (~> 0.3.0)
      opentelemetry-instrumentation-aws_sdk (~> 0.8.0)
      opentelemetry-instrumentation-bunny (~> 0.22.0)
      opentelemetry-instrumentation-concurrent_ruby (~> 0.22.0)
      opentelemetry-instrumentation-dalli (~> 0.27.0)
      opentelemetry-instrumentation-delayed_job (~> 0.23.0)
      opentelemetry-instrumentation-ethon (~> 0.22.0)
      opentelemetry-instrumentation-excon (~> 0.23.0)
      opentelemetry-instrumentation-faraday (~> 0.27.0)
      opentelemetry-instrumentation-grape (~> 0.3.0)
      opentelemetry-instrumentation-graphql (~> 0.29.0)
      opentelemetry-instrumentation-grpc (~> 0.2.0)
      opentelemetry-instrumentation-gruf (~> 0.3.0)
      opentelemetry-instrumentation-http (~> 0.24.0)
      opentelemetry-instrumentation-http_client (~> 0.23.0)
      opentelemetry-instrumentation-koala (~> 0.21.0)
      opentelemetry-instrumentation-lmdb (~> 0.23.0)
      opentelemetry-instrumentation-mongo (~> 0.23.0)
      opentelemetry-instrumentation-mysql2 (~> 0.29.0)
      opentelemetry-instrumentation-net_http (~> 0.23.0)
      opentelemetry-instrumentation-pg (~> 0.30.0)
      opentelemetry-instrumentation-que (~> 0.9.0)
      opentelemetry-instrumentation-racecar (~> 0.4.0)
      opentelemetry-instrumentation-rack (~> 0.26.0)
      opentelemetry-instrumentation-rails (~> 0.36.0)
      opentelemetry-instrumentation-rake (~> 0.3.1)
      opentelemetry-instrumentation-rdkafka (~> 0.7.0)
      opentelemetry-instrumentation-redis (~> 0.26.1)
      opentelemetry-instrumentation-resque (~> 0.6.0)
      opentelemetry-instrumentation-restclient (~> 0.23.0)
      opentelemetry-instrumentation-ruby_kafka (~> 0.22.0)
      opentelemetry-instrumentation-sidekiq (~> 0.26.0)
      opentelemetry-instrumentation-sinatra (~> 0.25.0)
      opentelemetry-instrumentation-trilogy (~> 0.61.0)
    opentelemetry-instrumentation-aws_lambda (0.3.0)
      opentelemetry-api (~> 1.0)
      opentelemetry-instrumentation-base (~> 0.23.0)
    opentelemetry-instrumentation-aws_sdk (0.8.2)
      opentelemetry-api (~> 1.0)
      opentelemetry-instrumentation-base (~> 0.23.0)
    opentelemetry-instrumentation-base (0.23.0)
      opentelemetry-api (~> 1.0)
      opentelemetry-common (~> 0.21)
      opentelemetry-registry (~> 0.1)
    opentelemetry-instrumentation-bunny (0.22.0)
      opentelemetry-api (~> 1.0)
      opentelemetry-instrumentation-base (~> 0.23.0)
    opentelemetry-instrumentation-concurrent_ruby (0.22.0)
      opentelemetry-api (~> 1.0)
      opentelemetry-instrumentation-base (~> 0.23.0)
    opentelemetry-instrumentation-dalli (0.27.3)
      opentelemetry-api (~> 1.0)
      opentelemetry-instrumentation-base (~> 0.23.0)
    opentelemetry-instrumentation-delayed_job (0.23.0)
      opentelemetry-api (~> 1.0)
      opentelemetry-instrumentation-base (~> 0.23.0)
    opentelemetry-instrumentation-ethon (0.22.0)
      opentelemetry-api (~> 1.0)
      opentelemetry-instrumentation-base (~> 0.23.0)
    opentelemetry-instrumentation-excon (0.23.0)
      opentelemetry-api (~> 1.0)
      opentelemetry-instrumentation-base (~> 0.23.0)
    opentelemetry-instrumentation-faraday (0.27.0)
      opentelemetry-api (~> 1.0)
      opentelemetry-instrumentation-base (~> 0.23.0)
    opentelemetry-instrumentation-grape (0.3.0)
      opentelemetry-api (~> 1.0)
      opentelemetry-instrumentation-base (~> 0.23.0)
      opentelemetry-instrumentation-rack (~> 0.21)
    opentelemetry-instrumentation-graphql (0.29.0)
      opentelemetry-api (~> 1.0)
      opentelemetry-instrumentation-base (~> 0.23.0)
    opentelemetry-instrumentation-grpc (0.2.1)
      opentelemetry-api (~> 1.0)
      opentelemetry-instrumentation-base (~> 0.23.0)
    opentelemetry-instrumentation-gruf (0.3.0)
      opentelemetry-api (>= 1.0.0)
      opentelemetry-instrumentation-base (~> 0.23.0)
    opentelemetry-instrumentation-http (0.24.0)
      opentelemetry-api (~> 1.0)
      opentelemetry-instrumentation-base (~> 0.23.0)
    opentelemetry-instrumentation-http_client (0.23.0)
      opentelemetry-api (~> 1.0)
      opentelemetry-instrumentation-base (~> 0.23.0)
    opentelemetry-instrumentation-koala (0.21.0)
      opentelemetry-api (~> 1.0)
      opentelemetry-instrumentation-base (~> 0.23.0)
    opentelemetry-instrumentation-lmdb (0.23.0)
      opentelemetry-api (~> 1.0)
      opentelemetry-instrumentation-base (~> 0.23.0)
    opentelemetry-instrumentation-mongo (0.23.0)
      opentelemetry-api (~> 1.0)
      opentelemetry-instrumentation-base (~> 0.23.0)
    opentelemetry-instrumentation-mysql2 (0.29.1)
      opentelemetry-api (~> 1.0)
      opentelemetry-helpers-mysql
      opentelemetry-helpers-sql
      opentelemetry-helpers-sql-obfuscation
      opentelemetry-instrumentation-base (~> 0.23.0)
    opentelemetry-instrumentation-net_http (0.23.1)
      opentelemetry-api (~> 1.0)
      opentelemetry-instrumentation-base (~> 0.23.0)
    opentelemetry-instrumentation-pg (0.30.1)
      opentelemetry-api (~> 1.0)
      opentelemetry-helpers-sql
      opentelemetry-helpers-sql-obfuscation
      opentelemetry-instrumentation-base (~> 0.23.0)
    opentelemetry-instrumentation-que (0.9.0)
      opentelemetry-api (~> 1.0)
      opentelemetry-instrumentation-base (~> 0.23.0)
    opentelemetry-instrumentation-racecar (0.4.0)
      opentelemetry-api (~> 1.0)
      opentelemetry-instrumentation-base (~> 0.23.0)
    opentelemetry-instrumentation-rack (0.26.0)
      opentelemetry-api (~> 1.0)
      opentelemetry-instrumentation-base (~> 0.23.0)
    opentelemetry-instrumentation-rails (0.36.0)
      opentelemetry-api (~> 1.0)
      opentelemetry-instrumentation-action_mailer (~> 0.4.0)
      opentelemetry-instrumentation-action_pack (~> 0.12.0)
      opentelemetry-instrumentation-action_view (~> 0.9.0)
      opentelemetry-instrumentation-active_job (~> 0.8.0)
      opentelemetry-instrumentation-active_record (~> 0.9.0)
      opentelemetry-instrumentation-active_storage (~> 0.1.0)
      opentelemetry-instrumentation-active_support (~> 0.8.0)
      opentelemetry-instrumentation-base (~> 0.23.0)
      opentelemetry-instrumentation-concurrent_ruby (~> 0.22.0)
    opentelemetry-instrumentation-rake (0.3.1)
      opentelemetry-api (~> 1.0)
      opentelemetry-instrumentation-base (~> 0.23.0)
    opentelemetry-instrumentation-rdkafka (0.7.0)
      opentelemetry-api (~> 1.0)
      opentelemetry-instrumentation-base (~> 0.23.0)
    opentelemetry-instrumentation-redis (0.26.1)
      opentelemetry-api (~> 1.0)
      opentelemetry-instrumentation-base (~> 0.23.0)
    opentelemetry-instrumentation-resque (0.6.0)
      opentelemetry-api (~> 1.0)
      opentelemetry-instrumentation-base (~> 0.23.0)
    opentelemetry-instrumentation-restclient (0.23.0)
      opentelemetry-api (~> 1.0)
      opentelemetry-instrumentation-base (~> 0.23.0)
    opentelemetry-instrumentation-ruby_kafka (0.22.0)
      opentelemetry-api (~> 1.0)
      opentelemetry-instrumentation-base (~> 0.23.0)
    opentelemetry-instrumentation-sidekiq (0.26.1)
      opentelemetry-api (~> 1.0)
      opentelemetry-instrumentation-base (~> 0.23.0)
    opentelemetry-instrumentation-sinatra (0.25.0)
      opentelemetry-api (~> 1.0)
      opentelemetry-instrumentation-base (~> 0.23.0)
      opentelemetry-instrumentation-rack (~> 0.21)
    opentelemetry-instrumentation-trilogy (0.61.1)
      opentelemetry-api (~> 1.0)
      opentelemetry-helpers-mysql
      opentelemetry-helpers-sql
      opentelemetry-helpers-sql-obfuscation
      opentelemetry-instrumentation-base (~> 0.23.0)
      opentelemetry-semantic_conventions (>= 1.8.0)
    opentelemetry-registry (0.4.0)
      opentelemetry-api (~> 1.1)
    opentelemetry-sdk (1.8.1)
      opentelemetry-api (~> 1.1)
      opentelemetry-common (~> 0.20)
      opentelemetry-registry (~> 0.2)
      opentelemetry-semantic_conventions
    opentelemetry-semantic_conventions (1.36.0)
      opentelemetry-api (~> 1.0)
    rake (13.3.1)

PLATFORMS
  aarch64-linux-gnu
  aarch64-linux-musl
  arm64-darwin
  ruby
  x86-linux-gnu
  x86-linux-musl
  x86_64-darwin
  x86_64-linux-gnu
  x86_64-linux-musl

DEPENDENCIES
  opentelemetry-api (~> 1.5.0)
  opentelemetry-exporter-otlp (~> 0.30.0)
  opentelemetry-helpers-mysql (~> 0.2.0)
  opentelemetry-helpers-sql (~> 0.1.1)
  opentelemetry-helpers-sql-obfuscation (~> 0.3.0)
  opentelemetry-instrumentation-all (~> 0.77.0)
  opentelemetry-sdk (~> 1.8.0)

CHECKSUMS
  bigdecimal (4.0.1) sha256=8b07d3d065a9f921c80ceaea7c9d4ae596697295b584c296fe599dd0ad01c4a7
  google-protobuf (4.33.5) sha256=1b64fb774c101b23ac3f6923eca24be04fd971635d235c4cd4cfe0d752620da0
  google-protobuf (4.33.5-aarch64-linux-gnu) sha256=f70ca066e37a7ac60b4f34a836bb48ca3fc41a9371310052e484d8c9f925ff39
  google-protobuf (4.33.5-aarch64-linux-musl) sha256=d9ae90025f05db642e5603de5dbb2390cd1215bac7507fa575cc20b0db7e11a1
  google-protobuf (4.33.5-arm64-darwin) sha256=996d4e93c4232cc42f0facd821a92b4f4a926c3c9c1a768e7d768b33d9ef72f9
  google-protobuf (4.33.5-x86-linux-gnu) sha256=8d0d056743449221c723bffcf423ee8028a7028b4fca159db9692ec79fa4d185
  google-protobuf (4.33.5-x86-linux-musl) sha256=08de722ce05e619dcfa75a1a998615694e7a0c4254d4bb1557834d98d5090851
  google-protobuf (4.33.5-x86_64-darwin) sha256=173d1d6c9f0de93fd9ee25fde172d6fb6376099dca8844e19bc5782bbc7b93b0
  google-protobuf (4.33.5-x86_64-linux-gnu) sha256=a782adf86bfba207740b49d7bb9ccdc25c4fb8f800fe222af62bce951149338a
  google-protobuf (4.33.5-x86_64-linux-musl) sha256=d14feec9118f44cfdc3ee4a1d1baa4e6dd77fa418967ccf22ecbe76b8c1bacbf
  googleapis-common-protos-types (1.22.0) sha256=f97492b77bd6da0018c860d5004f512fe7cd165554d7019a8f4df6a56fbfc4c7
  opentelemetry-api (1.5.0) sha256=8dcc33e7aba70b1da630065ce0db3d6f50cb8ebd2017383209739439025ea997
  opentelemetry-common (0.23.0) sha256=da721190479d57bae0ad2207468f47f3e2c3b9a91024b5bc32c9d280183eb32c
  opentelemetry-exporter-otlp (0.30.0) sha256=07cb0446bb782dfcf7cc27d2d6ebcf9aef1a4585b3f4952be6276a1e77d5ba97
  opentelemetry-helpers-mysql (0.2.0) sha256=dd05f5f40bf5169cd3b8fef355fb050506542fa6b32ace19e8124f6dec5b261f
  opentelemetry-helpers-sql (0.1.1) sha256=19e861c2c69d1b61852ee4fba3ef7c0d06e6885ee4156dc06fb963a3e2eedb8d
  opentelemetry-helpers-sql-obfuscation (0.3.0) sha256=f5d866d58f98267b5302be479c9dddad25ddf7db19030d44fb5ab93025ea9e4b
  opentelemetry-instrumentation-action_mailer (0.4.0) sha256=e8b5959572038dc0367300b5425f2f7b297fc0b372a966832b1aad4af06ee9a2
  opentelemetry-instrumentation-action_pack (0.12.3) sha256=ba381378992a1cd7dee956803c4473e367094721bb0717228f10f4754b77e4e6
  opentelemetry-instrumentation-action_view (0.9.0) sha256=4b434644650bf66c0bab9984c0b1f2e2c474ed0b0d5638f5153677efe8bcc561
  opentelemetry-instrumentation-active_job (0.8.0) sha256=9d5d884e05421ca9444635ac9c96886bccf1a042d4ee5d3282f620d0acd5613d
  opentelemetry-instrumentation-active_model_serializers (0.22.0) sha256=fdfd0fafb1c90e4f121c4c215540abdc928f72c4de4b0643db870459d56c4bbe
  opentelemetry-instrumentation-active_record (0.9.0) sha256=9cbcb92dbfd48fa7bbf7524e3567e334f1773055467e9c6fbeaa49d911a60140
  opentelemetry-instrumentation-active_storage (0.1.1) sha256=a654926abbeca00ec1fe942f9e4ded610530e23630d2cfb88fb876eabef4a703
  opentelemetry-instrumentation-active_support (0.8.0) sha256=9be102354e420ed08a6841d113e39d9c5480ed35940fe7268c7297656167d999
  opentelemetry-instrumentation-all (0.77.0) sha256=95c0c2d3c31d8f058787f297194eb13b6f7b3936c98ec4639ca8c56cc7771c98
  opentelemetry-instrumentation-aws_lambda (0.3.0) sha256=00e4ccec484f598a65ce4aa7ea9caccaeab3b8c6219690d93072c814299706b4
  opentelemetry-instrumentation-aws_sdk (0.8.2) sha256=27be7a1f2bba7a887d3c9ab5ec734a439e6f458e592450ddf0761d6f07c3546f
  opentelemetry-instrumentation-base (0.23.0) sha256=b3e103ceea2ccf3e6269a394938a5bc239c80d113869fe2b2ac49ba27c3c1c50
  opentelemetry-instrumentation-bunny (0.22.0) sha256=8cb0c40937a30e53fd0df3af400fc49a829d2ec0eb14f3a2a28d052d8207eaf5
  opentelemetry-instrumentation-concurrent_ruby (0.22.0) sha256=fba61e55b4f66331a53ad82cb0a0c225a1ddea9a4f693fcf2e9fa7e7199c6897
  opentelemetry-instrumentation-dalli (0.27.3) sha256=815e5d9588d72103af18be3151a558cd237f31220b3cc11295cc2a80e740bf09
  opentelemetry-instrumentation-delayed_job (0.23.0) sha256=11aa70f920c5872b687f33d966898416f14d7c0c244ff7d6f3be1566d8a133fc
  opentelemetry-instrumentation-ethon (0.22.0) sha256=98746b7c2d46063b9811a79117684315531b23b298007d29d8cbed4a9f23d384
  opentelemetry-instrumentation-excon (0.23.0) sha256=3ae5c57a05457f3bfea796ef815d261df94ffc4a83e4b691128044185a8a3f07
  opentelemetry-instrumentation-faraday (0.27.0) sha256=2376b11c04a69d5f6619066916f9373942c9d5b5a218ab4efdcf72d5e7de4564
  opentelemetry-instrumentation-grape (0.3.0) sha256=80c375301c85e9a94fb12836252792d199a30831502ffd607239b824f7f5490c
  opentelemetry-instrumentation-graphql (0.29.0) sha256=b4f8e9f3f1a06268fb53f0077a67e1437f07d1946fb1d9e1d5ce8861228089e2
  opentelemetry-instrumentation-grpc (0.2.1) sha256=4d1a4ee8b5e41636da942954b90b8d974922c6a17cf896708c3d539b815ab992
  opentelemetry-instrumentation-gruf (0.3.0) sha256=9c45dd36ccee3bbc0f43ab1bf6c3ddee4eaa4b16ab4033658dbc7ec10f9cdee7
  opentelemetry-instrumentation-http (0.24.0) sha256=94419a35e3ae4be4ba9a6b3a1992872def476b8fb764062feeeefff7fafca0ba
  opentelemetry-instrumentation-http_client (0.23.0) sha256=90cf55b55d95c207e6bc9c5d78662aed4f727d0fd722e638ffcd8225da2f9cdc
  opentelemetry-instrumentation-koala (0.21.0) sha256=3c43dc8de4c111463c897602696c548c2d70cc51ccf30b19ec9452184b4ac8ba
  opentelemetry-instrumentation-lmdb (0.23.0) sha256=617ecfffc389dca3af5afbce58d0e8380b95e158896d00d22cec39b5b75544d7
  opentelemetry-instrumentation-mongo (0.23.0) sha256=1d500469c107fb68047802ba3d52d8ab023ee0b79ded6236135bbd2833a2ee4b
  opentelemetry-instrumentation-mysql2 (0.29.1) sha256=26bf2e5a8faa1a53648ee88a2fb1cc8eae57e93794f8064247da6f6556ce487e
  opentelemetry-instrumentation-net_http (0.23.1) sha256=1b346dc17c5591f4284774bcaff75966f5405944dc1cf3bed991924708ca3bad
  opentelemetry-instrumentation-pg (0.30.1) sha256=85353ad70012e3a2e196c66a2c8029e791746e028997fcf43bedfdad3ac74f27
  opentelemetry-instrumentation-que (0.9.0) sha256=bc8038459d44de7d2320a4d290ad86725ffdc1c1d28cc508928ad7fa44c8a704
  opentelemetry-instrumentation-racecar (0.4.0) sha256=283e00fa350eb8677fd1e6e6768bbce060e48fb89a635782c12691d889f42dc2
  opentelemetry-instrumentation-rack (0.26.0) sha256=8a55910b358e08acab0899fc99227058b72fca76a27e382e6b34b365abb87bad
  opentelemetry-instrumentation-rails (0.36.0) sha256=f21e26fad6660d64a9711b9317f059c21376cc9a1facdeb3956c9f20098eb717
  opentelemetry-instrumentation-rake (0.3.1) sha256=dd12d24373a6f293de51ecff8986f2e341a24ad28b2dbabac21f2ccfbb43dcd9
  opentelemetry-instrumentation-rdkafka (0.7.0) sha256=c1fec9f85234498bd4895d9453ea382f0a8e80b314ae722bd021926e87710dc2
  opentelemetry-instrumentation-redis (0.26.1) sha256=315efba5560c943dfe8ea41b16ab162418fc7423c45bb36c4bcc91a310467ba0
  opentelemetry-instrumentation-resque (0.6.0) sha256=b61d5c3fb3d3e96a1dc34cb242addfdd8cf8f6471a9518d3ffa57d26b99e917f
  opentelemetry-instrumentation-restclient (0.23.0) sha256=a8cedef3979f14e5c9b97e24150d6e5cd8d2646452d8816360875cf4d4d9a7b9
  opentelemetry-instrumentation-ruby_kafka (0.22.0) sha256=a79f2138ab0daf251ab9b7721b9d91938a8b63b8ee5375173b95ce5a6cc65ada
  opentelemetry-instrumentation-sidekiq (0.26.1) sha256=853aea9d88642643b29a8ed818e290e374586f72f304c785b672b9086360f3d2
  opentelemetry-instrumentation-sinatra (0.25.0) sha256=6aa6f76eecfb0d8a216f9f3d92d7ad0ca59791a53dfa06a8b721664153927498
  opentelemetry-instrumentation-trilogy (0.61.1) sha256=51b4dc951e3830391b6043000eb79ad6a23eaf6fd8b7892e02caa3c1d9f94cb0
  opentelemetry-registry (0.4.0) sha256=903fa6bfaa29eac1c1d73a4fdd29b850977b5353b84b8cdff11222c00ad2968f
  opentelemetry-sdk (1.8.1) sha256=ee0b42709e73e412e2f1d110dacd2044d6beebb295c02603a50eab2709a4d3a0
  opentelemetry-semantic_conventions (1.36.0) sha256=c1b1607dbc7853aac7f9e23f6e8b76969c45b07f2b812a4aa4383c19a3b0f617
  rake (13.3.1) sha256=8c9e89d09f66a26a01264e7e3480ec0607f0c497a861ef16063604b1b08eb19c

BUNDLED WITH
  4.0.6
